
Microsoft Visual Studio Solution File, Format Version 12.00
# Visual Studio 2013
VisualStudioVersion = 12.0.31101.0
MinimumVisualStudioVersion = 10.0.40219.1
Project("{2150E333-8FDC-42A3-9474-1A3956D46DE8}") = "1. Easy", "1. Easy", "{D8B849B6-2A6C-4A1F-8E50-A06DECE20875}"
EndProject
Project("{FAE04EC0-301F-11D3-BF4B-00C04F79EFBC}") = "DataRecovery", "Easy\DataRecovery\DataRecovery.csproj", "{3BFAD3CE-4A23-4212-A79C-FDA213EDF59F}"
EndProject
Project("{FAE04EC0-301F-11D3-BF4B-00C04F79EFBC}") = "FizzBuzz", "Easy\FizzBuzz\FizzBuzz.csproj", "{D8D9BDB4-36DA-4D5B-9304-80F25DEAED8F}"
EndProject
Project("{FAE04EC0-301F-11D3-BF4B-00C04F79EFBC}") = "MultiplicationTables", "Easy\MultiplicationTables\MultiplicationTables.csproj", "{BC766B51-3661-4023-86DE-262424655C68}"
EndProject
Project("{FAE04EC0-301F-11D3-BF4B-00C04F79EFBC}") = "ReverseWords", "Easy\ReverseWords\ReverseWords.csproj", "{4E099EE4-7C8D-4533-8ABA-7DFC812A8B92}"
EndProject
Project("{FAE04EC0-301F-11D3-BF4B-00C04F79EFBC}") = "StringMask", "Easy\StringMask\StringMask.csproj", "{A49E87ED-C749-40E6-ADEA-2600261EDE64}"
EndProject
Project("{2150E333-8FDC-42A3-9474-1A3956D46DE8}") = "3. Hard", "3. Hard", "{7A078519-F9A9-43D1-BE41-82D3CE0686FE}"
EndProject
Project("{2150E333-8FDC-42A3-9474-1A3956D46DE8}") = "2. Medium", "2. Medium", "{D992D0AE-1EB0-42EE-A7B1-17DEBFFDC24A}"
EndProject
Project("{FAE04EC0-301F-11D3-BF4B-00C04F79EFBC}") = "StringPermutations", "Hard\StringPermutations\StringPermutations.csproj", "{AFFF2676-8687-4E9A-AE4A-AFAC9BC131DC}"
EndProject
Project("{FAE04EC0-301F-11D3-BF4B-00C04F79EFBC}") = "NumberPairs", "Medium\NumberPairs\NumberPairs.csproj", "{601FFC9E-887D-4FF0-BCE0-514E4415B932}"
EndProject
Project("{FAE04EC0-301F-11D3-BF4B-00C04F79EFBC}") = "RollerCoaster", "Easy\RollerCoaster\RollerCoaster.csproj", "{7E6E9F2D-09F7-4D23-BFA5-E4CA233C5A9E}"
EndProject
Project("{FAE04EC0-301F-11D3-BF4B-00C04F79EFBC}") = "HiddenDigits", "Easy\HiddenDigits\HiddenDigits.csproj", "{B1EC4384-788C-4134-A413-5C956611F370}"
EndProject
Project("{FAE04EC0-301F-11D3-BF4B-00C04F79EFBC}") = "InterruptedBubbleSort", "Medium\InterruptedBubbleSort\InterruptedBubbleSort.csproj", "{15FE78A1-9349-4870-86E4-6FBBA8937836}"
EndProject
Project("{FAE04EC0-301F-11D3-BF4B-00C04F79EFBC}") = "SwapNumbers", "Easy\SwapNumbers\SwapNumbers.csproj", "{04EAE8A1-6048-4D1F-A58A-445DC18F5D47}"
EndProject
Project("{FAE04EC0-301F-11D3-BF4B-00C04F79EFBC}") = "CompressedSequence", "Easy\CompressedSequence\CompressedSequence.csproj", "{2997D605-5BB2-4654-9B21-47AE53CABD84}"
EndProject
Project("{FAE04EC0-301F-11D3-BF4B-00C04F79EFBC}") = "LettercasePercentageRatio", "Easy\LettercasePercentageRatio\LettercasePercentageRatio.csproj", "{FB8FFFDD-D28E-44D3-9F80-2ED0535F262E}"
EndProject
Project("{FAE04EC0-301F-11D3-BF4B-00C04F79EFBC}") = "SumOfDigits", "Easy\SumOfDigits\SumOfDigits.csproj", "{24203EEF-9A58-417C-8DB8-BA6001AEABFC}"
EndProject
Project("{FAE04EC0-301F-11D3-BF4B-00C04F79EFBC}") = "FileSize", "Easy\FileSize\FileSize.csproj", "{3A25B5A8-4CDF-4148-8ED1-D0F13C116F5C}"
EndProject
Project("{FAE04EC0-301F-11D3-BF4B-00C04F79EFBC}") = "BeautifulStrings", "Easy\BeautifulStrings\BeautifulStrings.csproj", "{A4980812-40DE-40D8-962B-6E528507A7BF}"
EndProject
Project("{FAE04EC0-301F-11D3-BF4B-00C04F79EFBC}") = "FindAWriter", "Easy\FindAWriter\FindAWriter.csproj", "{7C32C463-0D56-4011-AA59-0833CA0FD3FC}"
EndProject
Project("{FAE04EC0-301F-11D3-BF4B-00C04F79EFBC}") = "OddNumbers", "Easy\OddNumbers\OddNumbers.csproj", "{C4BB513F-95AD-4BF3-A775-E83F14488E74}"
EndProject
Project("{FAE04EC0-301F-11D3-BF4B-00C04F79EFBC}") = "QueryBoard", "Easy\QueryBoard\QueryBoard.csproj", "{5954A814-E007-4302-BC31-F0E583EA92BF}"
EndProject
Project("{FAE04EC0-301F-11D3-BF4B-00C04F79EFBC}") = "MthToLastElement", "Medium\MthToLastElement\MthToLastElement.csproj", "{EC3E96EA-AC34-464D-9F22-F6EA224C5340}"
EndProject
Global
	GlobalSection(SolutionConfigurationPlatforms) = preSolution
		Debug|Any CPU = Debug|Any CPU
		Release|Any CPU = Release|Any CPU
	EndGlobalSection
	GlobalSection(ProjectConfigurationPlatforms) = postSolution
		{3BFAD3CE-4A23-4212-A79C-FDA213EDF59F}.Debug|Any CPU.ActiveCfg = Debug|Any CPU
		{3BFAD3CE-4A23-4212-A79C-FDA213EDF59F}.Debug|Any CPU.Build.0 = Debug|Any CPU
		{3BFAD3CE-4A23-4212-A79C-FDA213EDF59F}.Release|Any CPU.ActiveCfg = Release|Any CPU
		{3BFAD3CE-4A23-4212-A79C-FDA213EDF59F}.Release|Any CPU.Build.0 = Release|Any CPU
		{D8D9BDB4-36DA-4D5B-9304-80F25DEAED8F}.Debug|Any CPU.ActiveCfg = Debug|Any CPU
		{D8D9BDB4-36DA-4D5B-9304-80F25DEAED8F}.Debug|Any CPU.Build.0 = Debug|Any CPU
		{D8D9BDB4-36DA-4D5B-9304-80F25DEAED8F}.Release|Any CPU.ActiveCfg = Release|Any CPU
		{D8D9BDB4-36DA-4D5B-9304-80F25DEAED8F}.Release|Any CPU.Build.0 = Release|Any CPU
		{BC766B51-3661-4023-86DE-262424655C68}.Debug|Any CPU.ActiveCfg = Debug|Any CPU
		{BC766B51-3661-4023-86DE-262424655C68}.Debug|Any CPU.Build.0 = Debug|Any CPU
		{BC766B51-3661-4023-86DE-262424655C68}.Release|Any CPU.ActiveCfg = Release|Any CPU
		{BC766B51-3661-4023-86DE-262424655C68}.Release|Any CPU.Build.0 = Release|Any CPU
		{4E099EE4-7C8D-4533-8ABA-7DFC812A8B92}.Debug|Any CPU.ActiveCfg = Debug|Any CPU
		{4E099EE4-7C8D-4533-8ABA-7DFC812A8B92}.Debug|Any CPU.Build.0 = Debug|Any CPU
		{4E099EE4-7C8D-4533-8ABA-7DFC812A8B92}.Release|Any CPU.ActiveCfg = Release|Any CPU
		{4E099EE4-7C8D-4533-8ABA-7DFC812A8B92}.Release|Any CPU.Build.0 = Release|Any CPU
		{A49E87ED-C749-40E6-ADEA-2600261EDE64}.Debug|Any CPU.ActiveCfg = Debug|Any CPU
		{A49E87ED-C749-40E6-ADEA-2600261EDE64}.Debug|Any CPU.Build.0 = Debug|Any CPU
		{A49E87ED-C749-40E6-ADEA-2600261EDE64}.Release|Any CPU.ActiveCfg = Release|Any CPU
		{A49E87ED-C749-40E6-ADEA-2600261EDE64}.Release|Any CPU.Build.0 = Release|Any CPU
		{AFFF2676-8687-4E9A-AE4A-AFAC9BC131DC}.Debug|Any CPU.ActiveCfg = Debug|Any CPU
		{AFFF2676-8687-4E9A-AE4A-AFAC9BC131DC}.Debug|Any CPU.Build.0 = Debug|Any CPU
		{AFFF2676-8687-4E9A-AE4A-AFAC9BC131DC}.Release|Any CPU.ActiveCfg = Release|Any CPU
		{AFFF2676-8687-4E9A-AE4A-AFAC9BC131DC}.Release|Any CPU.Build.0 = Release|Any CPU
		{601FFC9E-887D-4FF0-BCE0-514E4415B932}.Debug|Any CPU.ActiveCfg = Debug|Any CPU
		{601FFC9E-887D-4FF0-BCE0-514E4415B932}.Debug|Any CPU.Build.0 = Debug|Any CPU
		{601FFC9E-887D-4FF0-BCE0-514E4415B932}.Release|Any CPU.ActiveCfg = Release|Any CPU
		{601FFC9E-887D-4FF0-BCE0-514E4415B932}.Release|Any CPU.Build.0 = Release|Any CPU
		{7E6E9F2D-09F7-4D23-BFA5-E4CA233C5A9E}.Debug|Any CPU.ActiveCfg = Debug|Any CPU
		{7E6E9F2D-09F7-4D23-BFA5-E4CA233C5A9E}.Debug|Any CPU.Build.0 = Debug|Any CPU
		{7E6E9F2D-09F7-4D23-BFA5-E4CA233C5A9E}.Release|Any CPU.ActiveCfg = Release|Any CPU
		{7E6E9F2D-09F7-4D23-BFA5-E4CA233C5A9E}.Release|Any CPU.Build.0 = Release|Any CPU
		{B1EC4384-788C-4134-A413-5C956611F370}.Debug|Any CPU.ActiveCfg = Debug|Any CPU
		{B1EC4384-788C-4134-A413-5C956611F370}.Debug|Any CPU.Build.0 = Debug|Any CPU
		{B1EC4384-788C-4134-A413-5C956611F370}.Release|Any CPU.ActiveCfg = Release|Any CPU
		{B1EC4384-788C-4134-A413-5C956611F370}.Release|Any CPU.Build.0 = Release|Any CPU
		{15FE78A1-9349-4870-86E4-6FBBA8937836}.Debug|Any CPU.ActiveCfg = Debug|Any CPU
		{15FE78A1-9349-4870-86E4-6FBBA8937836}.Debug|Any CPU.Build.0 = Debug|Any CPU
		{15FE78A1-9349-4870-86E4-6FBBA8937836}.Release|Any CPU.ActiveCfg = Release|Any CPU
		{15FE78A1-9349-4870-86E4-6FBBA8937836}.Release|Any CPU.Build.0 = Release|Any CPU
		{04EAE8A1-6048-4D1F-A58A-445DC18F5D47}.Debug|Any CPU.ActiveCfg = Debug|Any CPU
		{04EAE8A1-6048-4D1F-A58A-445DC18F5D47}.Debug|Any CPU.Build.0 = Debug|Any CPU
		{04EAE8A1-6048-4D1F-A58A-445DC18F5D47}.Release|Any CPU.ActiveCfg = Release|Any CPU
		{04EAE8A1-6048-4D1F-A58A-445DC18F5D47}.Release|Any CPU.Build.0 = Release|Any CPU
		{2997D605-5BB2-4654-9B21-47AE53CABD84}.Debug|Any CPU.ActiveCfg = Debug|Any CPU
		{2997D605-5BB2-4654-9B21-47AE53CABD84}.Debug|Any CPU.Build.0 = Debug|Any CPU
		{2997D605-5BB2-4654-9B21-47AE53CABD84}.Release|Any CPU.ActiveCfg = Release|Any CPU
		{2997D605-5BB2-4654-9B21-47AE53CABD84}.Release|Any CPU.Build.0 = Release|Any CPU
		{FB8FFFDD-D28E-44D3-9F80-2ED0535F262E}.Debug|Any CPU.ActiveCfg = Debug|Any CPU
		{FB8FFFDD-D28E-44D3-9F80-2ED0535F262E}.Debug|Any CPU.Build.0 = Debug|Any CPU
		{FB8FFFDD-D28E-44D3-9F80-2ED0535F262E}.Release|Any CPU.ActiveCfg = Release|Any CPU
		{FB8FFFDD-D28E-44D3-9F80-2ED0535F262E}.Release|Any CPU.Build.0 = Release|Any CPU
		{24203EEF-9A58-417C-8DB8-BA6001AEABFC}.Debug|Any CPU.ActiveCfg = Debug|Any CPU
		{24203EEF-9A58-417C-8DB8-BA6001AEABFC}.Debug|Any CPU.Build.0 = Debug|Any CPU
		{24203EEF-9A58-417C-8DB8-BA6001AEABFC}.Release|Any CPU.ActiveCfg = Release|Any CPU
		{24203EEF-9A58-417C-8DB8-BA6001AEABFC}.Release|Any CPU.Build.0 = Release|Any CPU
		{3A25B5A8-4CDF-4148-8ED1-D0F13C116F5C}.Debug|Any CPU.ActiveCfg = Debug|Any CPU
		{3A25B5A8-4CDF-4148-8ED1-D0F13C116F5C}.Debug|Any CPU.Build.0 = Debug|Any CPU
		{3A25B5A8-4CDF-4148-8ED1-D0F13C116F5C}.Release|Any CPU.ActiveCfg = Release|Any CPU
		{3A25B5A8-4CDF-4148-8ED1-D0F13C116F5C}.Release|Any CPU.Build.0 = Release|Any CPU
		{A4980812-40DE-40D8-962B-6E528507A7BF}.Debug|Any CPU.ActiveCfg = Debug|Any CPU
		{A4980812-40DE-40D8-962B-6E528507A7BF}.Debug|Any CPU.Build.0 = Debug|Any CPU
		{A4980812-40DE-40D8-962B-6E528507A7BF}.Release|Any CPU.ActiveCfg = Release|Any CPU
		{A4980812-40DE-40D8-962B-6E528507A7BF}.Release|Any CPU.Build.0 = Release|Any CPU
		{7C32C463-0D56-4011-AA59-0833CA0FD3FC}.Debug|Any CPU.ActiveCfg = Debug|Any CPU
		{7C32C463-0D56-4011-AA59-0833CA0FD3FC}.Debug|Any CPU.Build.0 = Debug|Any CPU
		{7C32C463-0D56-4011-AA59-0833CA0FD3FC}.Release|Any CPU.ActiveCfg = Release|Any CPU
		{7C32C463-0D56-4011-AA59-0833CA0FD3FC}.Release|Any CPU.Build.0 = Release|Any CPU
		{C4BB513F-95AD-4BF3-A775-E83F14488E74}.Debug|Any CPU.ActiveCfg = Debug|Any CPU
		{C4BB513F-95AD-4BF3-A775-E83F14488E74}.Debug|Any CPU.Build.0 = Debug|Any CPU
		{C4BB513F-95AD-4BF3-A775-E83F14488E74}.Release|Any CPU.ActiveCfg = Release|Any CPU
		{C4BB513F-95AD-4BF3-A775-E83F14488E74}.Release|Any CPU.Build.0 = Release|Any CPU
		{5954A814-E007-4302-BC31-F0E583EA92BF}.Debug|Any CPU.ActiveCfg = Debug|Any CPU
		{5954A814-E007-4302-BC31-F0E583EA92BF}.Debug|Any CPU.Build.0 = Debug|Any CPU
		{5954A814-E007-4302-BC31-F0E583EA92BF}.Release|Any CPU.ActiveCfg = Release|Any CPU
		{5954A814-E007-4302-BC31-F0E583EA92BF}.Release|Any CPU.Build.0 = Release|Any CPU
		{EC3E96EA-AC34-464D-9F22-F6EA224C5340}.Debug|Any CPU.ActiveCfg = Debug|Any CPU
		{EC3E96EA-AC34-464D-9F22-F6EA224C5340}.Debug|Any CPU.Build.0 = Debug|Any CPU
		{EC3E96EA-AC34-464D-9F22-F6EA224C5340}.Release|Any CPU.ActiveCfg = Release|Any CPU
		{EC3E96EA-AC34-464D-9F22-F6EA224C5340}.Release|Any CPU.Build.0 = Release|Any CPU
	EndGlobalSection
	GlobalSection(SolutionProperties) = preSolution
		HideSolutionNode = FALSE
	EndGlobalSection
	GlobalSection(NestedProjects) = preSolution
		{3BFAD3CE-4A23-4212-A79C-FDA213EDF59F} = {D8B849B6-2A6C-4A1F-8E50-A06DECE20875}
		{D8D9BDB4-36DA-4D5B-9304-80F25DEAED8F} = {D8B849B6-2A6C-4A1F-8E50-A06DECE20875}
		{BC766B51-3661-4023-86DE-262424655C68} = {D8B849B6-2A6C-4A1F-8E50-A06DECE20875}
		{4E099EE4-7C8D-4533-8ABA-7DFC812A8B92} = {D8B849B6-2A6C-4A1F-8E50-A06DECE20875}
		{A49E87ED-C749-40E6-ADEA-2600261EDE64} = {D8B849B6-2A6C-4A1F-8E50-A06DECE20875}
		{AFFF2676-8687-4E9A-AE4A-AFAC9BC131DC} = {7A078519-F9A9-43D1-BE41-82D3CE0686FE}
		{601FFC9E-887D-4FF0-BCE0-514E4415B932} = {D992D0AE-1EB0-42EE-A7B1-17DEBFFDC24A}
		{7E6E9F2D-09F7-4D23-BFA5-E4CA233C5A9E} = {D8B849B6-2A6C-4A1F-8E50-A06DECE20875}
		{B1EC4384-788C-4134-A413-5C956611F370} = {D8B849B6-2A6C-4A1F-8E50-A06DECE20875}
		{15FE78A1-9349-4870-86E4-6FBBA8937836} = {D992D0AE-1EB0-42EE-A7B1-17DEBFFDC24A}
		{04EAE8A1-6048-4D1F-A58A-445DC18F5D47} = {D8B849B6-2A6C-4A1F-8E50-A06DECE20875}
		{2997D605-5BB2-4654-9B21-47AE53CABD84} = {D8B849B6-2A6C-4A1F-8E50-A06DECE20875}
		{FB8FFFDD-D28E-44D3-9F80-2ED0535F262E} = {D8B849B6-2A6C-4A1F-8E50-A06DECE20875}
		{24203EEF-9A58-417C-8DB8-BA6001AEABFC} = {D8B849B6-2A6C-4A1F-8E50-A06DECE20875}
		{3A25B5A8-4CDF-4148-8ED1-D0F13C116F5C} = {D8B849B6-2A6C-4A1F-8E50-A06DECE20875}
		{A4980812-40DE-40D8-962B-6E528507A7BF} = {D8B849B6-2A6C-4A1F-8E50-A06DECE20875}
		{7C32C463-0D56-4011-AA59-0833CA0FD3FC} = {D8B849B6-2A6C-4A1F-8E50-A06DECE20875}
		{C4BB513F-95AD-4BF3-A775-E83F14488E74} = {D8B849B6-2A6C-4A1F-8E50-A06DECE20875}
		{5954A814-E007-4302-BC31-F0E583EA92BF} = {D8B849B6-2A6C-4A1F-8E50-A06DECE20875}
		{EC3E96EA-AC34-464D-9F22-F6EA224C5340} = {D992D0AE-1EB0-42EE-A7B1-17DEBFFDC24A}
	EndGlobalSection
EndGlobal
